
Microsoft Visual Studio Solution File, Format Version 12.00
Project("{FAE04EC0-301F-11D3-BF4B-00C04F79EFBC}") = "Zadanie1", "Zadanie1\Zadanie1.csproj", "{0846992F-6544-4E96-B02E-28A70A34E9A8}"
EndProject
Project("{FAE04EC0-301F-11D3-BF4B-00C04F79EFBC}") = "Zadanie2", "Zadanie2\Zadanie2.csproj", "{055A1029-4F5B-4DB0-906A-516FC55E6014}"
EndProject
Global
	GlobalSection(SolutionConfigurationPlatforms) = preSolution
		Debug|Any CPU = Debug|Any CPU
		Release|Any CPU = Release|Any CPU
	EndGlobalSection
	GlobalSection(ProjectConfigurationPlatforms) = postSolution
		{0846992F-6544-4E96-B02E-28A70A34E9A8}.Debug|Any CPU.ActiveCfg = Debug|Any CPU
		{0846992F-6544-4E96-B02E-28A70A34E9A8}.Debug|Any CPU.Build.0 = Debug|Any CPU
		{0846992F-6544-4E96-B02E-28A70A34E9A8}.Release|Any CPU.ActiveCfg = Release|Any CPU
		{0846992F-6544-4E96-B02E-28A70A34E9A8}.Release|Any CPU.Build.0 = Release|Any CPU
		{055A1029-4F5B-4DB0-906A-516FC55E6014}.Debug|Any CPU.ActiveCfg = Debug|Any CPU
		{055A1029-4F5B-4DB0-906A-516FC55E6014}.Debug|Any CPU.Build.0 = Debug|Any CPU
		{055A1029-4F5B-4DB0-906A-516FC55E6014}.Release|Any CPU.ActiveCfg = Release|Any CPU
		{055A1029-4F5B-4DB0-906A-516FC55E6014}.Release|Any CPU.Build.0 = Release|Any CPU
	EndGlobalSection
EndGlobal
